{
  "version": 4,
  "terraform_version": "1.5.0",
  "serial": 6,
  "lineage": "7ab10d26-0441-a0b1-b4ae-a92fcb26298d",
  "outputs": {},
  "resources": [
    {
      "mode": "data",
      "type": "archive_file",
      "name": "zip_the_python_code",
      "provider": "provider[\"registry.terraform.io/hashicorp/archive\"]",
      "instances": [
        {
          "schema_version": 0,
          "attributes": {
            "exclude_symlink_directories": null,
            "excludes": null,
            "id": "f0673021a04fad95fd6297bd5bb3a3028923d53b",
            "output_base64sha256": "4XjDfrt8J6zu68u9iIBrOCjPXeG3Xj68YN4ysGXyZF0=",
            "output_base64sha512": "P1JemV7ZaNAocRTfUmj+Kzgy1uKUf7EynRN1K6Ga6PIxtA0y2iSMqN3qSAh9/OoeR2Z6Tklfjg6r4HHL+1Pupw==",
            "output_file_mode": null,
            "output_md5": "9d53e03e97d8fb5c0ead648e971615c4",
            "output_path": "./lambda/func.zip",
            "output_sha": "f0673021a04fad95fd6297bd5bb3a3028923d53b",
            "output_sha256": "e178c37ebb7c27aceeebcbbd88806b3828cf5de1b75e3ebc60de32b065f2645d",
            "output_sha512": "3f525e995ed968d0287114df5268fe2b3832d6e2947fb1329d13752ba19ae8f231b40d32da248ca8ddea48087dfcea1e47667a4e495f8e0eabe071cbfb53eea7",
            "output_size": 342,
            "source": [],
            "source_content": null,
            "source_content_filename": null,
            "source_dir": null,
            "source_file": "./lambda/func.py",
            "type": "zip"
          },
          "sensitive_attributes": []
        }
      ]
    },
    {
      "mode": "managed",
      "type": "aws_iam_policy",
      "name": "iam_policy_for_resume_project",
      "provider": "provider[\"registry.terraform.io/hashicorp/aws\"]",
      "instances": [
        {
          "schema_version": 0,
          "attributes": {
            "arn": "arn:aws:iam::377986325846:policy/aws_iam_policy_for_terraform_resume_project_policy",
            "description": "AWS IAM Policy for managing the resume project role",
            "id": "arn:aws:iam::377986325846:policy/aws_iam_policy_for_terraform_resume_project_policy",
            "name": "aws_iam_policy_for_terraform_resume_project_policy",
            "name_prefix": "",
            "path": "/",
            "policy": "{\"Statement\":[{\"Action\":[\"logs:CreateLogGroup\",\"logs:CreateLogStream\",\"logs:PutLogEvents\"],\"Effect\":\"Allow\",\"Resource\":\"arn:aws:logs:*:*:*\"},{\"Action\":[\"dynamodb:UpdateItem\",\"dynamodb:GetItem\"],\"Effect\":\"Allow\",\"Resource\":\"arn:aws:dynamodb:*:*:table/resume-table\"}],\"Version\":\"2012-10-17\"}",
            "policy_id": "ANPAVQAN5TVLMXVC5MIN3",
            "tags": null,
            "tags_all": {}
          },
          "sensitive_attributes": [],
          "private": "bnVsbA=="
        }
      ]
    },
    {
      "mode": "managed",
      "type": "aws_iam_role",
      "name": "iam_for_lambda",
      "provider": "provider[\"registry.terraform.io/hashicorp/aws\"]",
      "instances": [
        {
          "schema_version": 0,
          "attributes": {
            "arn": "arn:aws:iam::377986325846:role/iam_for_lambda",
            "assume_role_policy": "{\"Statement\":[{\"Action\":\"sts:AssumeRole\",\"Effect\":\"Allow\",\"Principal\":{\"Service\":\"lambda.amazonaws.com\"},\"Sid\":\"\"}],\"Version\":\"2012-10-17\"}",
            "create_date": "2023-06-18T17:27:39Z",
            "description": "",
            "force_detach_policies": false,
            "id": "iam_for_lambda",
            "inline_policy": [],
            "managed_policy_arns": [],
            "max_session_duration": 3600,
            "name": "iam_for_lambda",
            "name_prefix": "",
            "path": "/",
            "permissions_boundary": null,
            "role_last_used": [
              {
                "last_used_date": "",
                "region": ""
              }
            ],
            "tags": null,
            "tags_all": {},
            "unique_id": "AROAVQAN5TVLP5PKHYX63"
          },
          "sensitive_attributes": [],
          "private": "bnVsbA=="
        }
      ]
    },
    {
      "mode": "managed",
      "type": "aws_iam_role_policy_attachment",
      "name": "attach_iam_policy_to_iam_role",
      "provider": "provider[\"registry.terraform.io/hashicorp/aws\"]",
      "instances": [
        {
          "schema_version": 0,
          "attributes": {
            "id": "iam_for_lambda-20230618172739869500000001",
            "policy_arn": "arn:aws:iam::377986325846:policy/aws_iam_policy_for_terraform_resume_project_policy",
            "role": "iam_for_lambda"
          },
          "sensitive_attributes": [],
          "private": "bnVsbA==",
          "dependencies": [
            "aws_iam_policy.iam_policy_for_resume_project",
            "aws_iam_role.iam_for_lambda"
          ]
        }
      ]
    },
    {
      "mode": "managed",
      "type": "aws_lambda_function",
      "name": "myfunc",
      "provider": "provider[\"registry.terraform.io/hashicorp/aws\"]",
      "instances": [
        {
          "schema_version": 0,
          "attributes": {
            "architectures": [
              "x86_64"
            ],
            "arn": "arn:aws:lambda:us-east-1:377986325846:function:myfunc",
            "code_signing_config_arn": "",
            "dead_letter_config": [],
            "description": "",
            "environment": [],
            "ephemeral_storage": [
              {
                "size": 512
              }
            ],
            "file_system_config": [],
            "filename": "./lambda/func.zip",
            "function_name": "myfunc",
            "handler": "func.handler",
            "id": "myfunc",
            "image_config": [],
            "image_uri": "",
            "invoke_arn": "arn:aws:apigateway:us-east-1:lambda:path/2015-03-31/functions/arn:aws:lambda:us-east-1:377986325846:function:myfunc/invocations",
            "kms_key_arn": "",
            "last_modified": "2023-06-18T17:27:48.873+0000",
            "layers": null,
            "memory_size": 128,
            "package_type": "Zip",
            "publish": false,
            "qualified_arn": "arn:aws:lambda:us-east-1:377986325846:function:myfunc:$LATEST",
            "qualified_invoke_arn": "arn:aws:apigateway:us-east-1:lambda:path/2015-03-31/functions/arn:aws:lambda:us-east-1:377986325846:function:myfunc:$LATEST/invocations",
            "replace_security_groups_on_destroy": null,
            "replacement_security_group_ids": null,
            "reserved_concurrent_executions": -1,
            "role": "arn:aws:iam::377986325846:role/iam_for_lambda",
            "runtime": "python3.8",
            "s3_bucket": null,
            "s3_key": null,
            "s3_object_version": null,
            "signing_job_arn": "",
            "signing_profile_version_arn": "",
            "skip_destroy": false,
            "snap_start": [],
            "source_code_hash": "4XjDfrt8J6zu68u9iIBrOCjPXeG3Xj68YN4ysGXyZF0=",
            "source_code_size": 342,
            "tags": null,
            "tags_all": {},
            "timeout": 3,
            "timeouts": null,
            "tracing_config": [
              {
                "mode": "PassThrough"
              }
            ],
            "version": "$LATEST",
            "vpc_config": []
          },
          "sensitive_attributes": [],
          "private": "eyJlMmJmYjczMC1lY2FhLTExZTYtOGY4OC0zNDM2M2JjN2M0YzAiOnsiY3JlYXRlIjo2MDAwMDAwMDAwMDAsImRlbGV0ZSI6NjAwMDAwMDAwMDAwLCJ1cGRhdGUiOjYwMDAwMDAwMDAwMH19",
          "dependencies": [
            "aws_iam_role.iam_for_lambda",
            "data.archive_file.zip_the_python_code"
          ]
        }
      ]
    },
    {
      "mode": "managed",
      "type": "aws_lambda_function_url",
      "name": "url1",
      "provider": "provider[\"registry.terraform.io/hashicorp/aws\"]",
      "instances": [
        {
          "schema_version": 0,
          "attributes": {
            "authorization_type": "NONE",
            "cors": [
              {
                "allow_credentials": true,
                "allow_headers": [
                  "date",
                  "keep-alive"
                ],
                "allow_methods": [
                  "*"
                ],
                "allow_origins": [
                  "*"
                ],
                "expose_headers": [
                  "date",
                  "keep-alive"
                ],
                "max_age": 86400
              }
            ],
            "function_arn": "arn:aws:lambda:us-east-1:377986325846:function:myfunc",
            "function_name": "myfunc",
            "function_url": "https://mhnkcpwyn4gtvoqqzjlncp7s3q0rtbgw.lambda-url.us-east-1.on.aws/",
            "id": "myfunc",
            "invoke_mode": "BUFFERED",
            "qualifier": "",
            "timeouts": null,
            "url_id": "mhnkcpwyn4gtvoqqzjlncp7s3q0rtbgw"
          },
          "sensitive_attributes": [],
          "private": "eyJlMmJmYjczMC1lY2FhLTExZTYtOGY4OC0zNDM2M2JjN2M0YzAiOnsiY3JlYXRlIjo2MDAwMDAwMDAwMDB9fQ==",
          "dependencies": [
            "aws_iam_role.iam_for_lambda",
            "aws_lambda_function.myfunc",
            "data.archive_file.zip_the_python_code"
          ]
        }
      ]
    }
  ],
  "check_results": null
}
